
Microsoft Visual Studio Solution File, Format Version 12.00
# Visual Studio Version 16
VisualStudioVersion = 16.0.31129.286
MinimumVisualStudioVersion = 10.0.40219.1
Project("{FAE04EC0-301F-11D3-BF4B-00C04F79EFBC}") = "Exam", "Exam\Exam.csproj", "{BAE6DE51-5851-42C9-A1B6-024DFB63B2E4}"
EndProject
Global
	GlobalSection(SolutionConfigurationPlatforms) = preSolution
		Debug|Any CPU = Debug|Any CPU
		Release|Any CPU = Release|Any CPU
	EndGlobalSection
	GlobalSection(ProjectConfigurationPlatforms) = postSolution
		{BAE6DE51-5851-42C9-A1B6-024DFB63B2E4}.Debug|Any CPU.ActiveCfg = Debug|Any CPU
		{BAE6DE51-5851-42C9-A1B6-024DFB63B2E4}.Debug|Any CPU.Build.0 = Debug|Any CPU
		{BAE6DE51-5851-42C9-A1B6-024DFB63B2E4}.Release|Any CPU.ActiveCfg = Release|Any CPU
		{BAE6DE51-5851-42C9-A1B6-024DFB63B2E4}.Release|Any CPU.Build.0 = Release|Any CPU
	EndGlobalSection
	GlobalSection(SolutionProperties) = preSolution
		HideSolutionNode = FALSE
	EndGlobalSection
	GlobalSection(ExtensibilityGlobals) = postSolution
		SolutionGuid = {39A77B88-E740-4EC3-9D77-1F1B7C4F9F6B}
	EndGlobalSection
EndGlobal
